
Microsoft Visual Studio Solution File, Format Version 12.00
# Visual Studio Version 16
VisualStudioVersion = 16.0.29613.14
MinimumVisualStudioVersion = 10.0.40219.1
Project("{FAE04EC0-301F-11D3-BF4B-00C04F79EFBC}") = "AwsomeMovies", "AwsomeMovies\AwsomeMovies.csproj", "{FBF4D4F3-23F3-493F-9516-C6D7CAA61680}"
EndProject
Global
	GlobalSection(SolutionConfigurationPlatforms) = preSolution
		Debug|Any CPU = Debug|Any CPU
		Release|Any CPU = Release|Any CPU
	EndGlobalSection
	GlobalSection(ProjectConfigurationPlatforms) = postSolution
		{FBF4D4F3-23F3-493F-9516-C6D7CAA61680}.Debug|Any CPU.ActiveCfg = Debug|Any CPU
		{FBF4D4F3-23F3-493F-9516-C6D7CAA61680}.Debug|Any CPU.Build.0 = Debug|Any CPU
		{FBF4D4F3-23F3-493F-9516-C6D7CAA61680}.Release|Any CPU.ActiveCfg = Release|Any CPU
		{FBF4D4F3-23F3-493F-9516-C6D7CAA61680}.Release|Any CPU.Build.0 = Release|Any CPU
	EndGlobalSection
	GlobalSection(SolutionProperties) = preSolution
		HideSolutionNode = FALSE
	EndGlobalSection
	GlobalSection(ExtensibilityGlobals) = postSolution
		SolutionGuid = {AAC2695A-DD5B-4C59-AB93-F29B177847B1}
	EndGlobalSection
EndGlobal
